
Microsoft Visual Studio Solution File, Format Version 12.00
# Visual Studio 15
VisualStudioVersion = 15.0.28307.168
MinimumVisualStudioVersion = 10.0.40219.1
Project("{FAE04EC0-301F-11D3-BF4B-00C04F79EFBC}") = "ApiProject", "ApiProject\ApiProject.csproj", "{7E66CD14-7957-4938-8AB1-8DFDD0785881}"
EndProject
Global
	GlobalSection(SolutionConfigurationPlatforms) = preSolution
		Debug|Any CPU = Debug|Any CPU
		Release|Any CPU = Release|Any CPU
	EndGlobalSection
	GlobalSection(ProjectConfigurationPlatforms) = postSolution
		{7E66CD14-7957-4938-8AB1-8DFDD0785881}.Debug|Any CPU.ActiveCfg = Debug|Any CPU
		{7E66CD14-7957-4938-8AB1-8DFDD0785881}.Debug|Any CPU.Build.0 = Debug|Any CPU
		{7E66CD14-7957-4938-8AB1-8DFDD0785881}.Release|Any CPU.ActiveCfg = Release|Any CPU
		{7E66CD14-7957-4938-8AB1-8DFDD0785881}.Release|Any CPU.Build.0 = Release|Any CPU
	EndGlobalSection
	GlobalSection(SolutionProperties) = preSolution
		HideSolutionNode = FALSE
	EndGlobalSection
	GlobalSection(ExtensibilityGlobals) = postSolution
		SolutionGuid = {8A37DB73-9154-4435-8841-E15C97BD3F67}
	EndGlobalSection
EndGlobal
